
Microsoft Visual Studio Solution File, Format Version 12.00
# Visual Studio Version 16
VisualStudioVersion = 16.0.28729.10
MinimumVisualStudioVersion = 10.0.40219.1
Project("{9A19103F-16F7-4668-BE54-9A1E7A4F7556}") = "BusMonitor", "BusMonitor\BusMonitor.csproj", "{3D1F9E31-765D-436C-86AF-2826BE42FAF6}"
EndProject
Project("{9A19103F-16F7-4668-BE54-9A1E7A4F7556}") = "BusMonitor.BLL", "BusMonitor.BLL\BusMonitor.BLL.csproj", "{6CB70890-E8FB-40F4-B77A-1036EFCFAC88}"
EndProject
Project("{FAE04EC0-301F-11D3-BF4B-00C04F79EFBC}") = "BusMonitor.Web", "BusMonitor.Web\BusMonitor.Web.csproj", "{AB99F4D6-D682-4750-A311-A90E0922BADE}"
EndProject
Global
	GlobalSection(SolutionConfigurationPlatforms) = preSolution
		Debug|Any CPU = Debug|Any CPU
		Release|Any CPU = Release|Any CPU
	EndGlobalSection
	GlobalSection(ProjectConfigurationPlatforms) = postSolution
		{3D1F9E31-765D-436C-86AF-2826BE42FAF6}.Debug|Any CPU.ActiveCfg = Debug|Any CPU
		{3D1F9E31-765D-436C-86AF-2826BE42FAF6}.Debug|Any CPU.Build.0 = Debug|Any CPU
		{3D1F9E31-765D-436C-86AF-2826BE42FAF6}.Release|Any CPU.ActiveCfg = Release|Any CPU
		{3D1F9E31-765D-436C-86AF-2826BE42FAF6}.Release|Any CPU.Build.0 = Release|Any CPU
		{6CB70890-E8FB-40F4-B77A-1036EFCFAC88}.Debug|Any CPU.ActiveCfg = Debug|Any CPU
		{6CB70890-E8FB-40F4-B77A-1036EFCFAC88}.Debug|Any CPU.Build.0 = Debug|Any CPU
		{6CB70890-E8FB-40F4-B77A-1036EFCFAC88}.Release|Any CPU.ActiveCfg = Release|Any CPU
		{6CB70890-E8FB-40F4-B77A-1036EFCFAC88}.Release|Any CPU.Build.0 = Release|Any CPU
		{AB99F4D6-D682-4750-A311-A90E0922BADE}.Debug|Any CPU.ActiveCfg = Debug|Any CPU
		{AB99F4D6-D682-4750-A311-A90E0922BADE}.Debug|Any CPU.Build.0 = Debug|Any CPU
		{AB99F4D6-D682-4750-A311-A90E0922BADE}.Release|Any CPU.ActiveCfg = Release|Any CPU
		{AB99F4D6-D682-4750-A311-A90E0922BADE}.Release|Any CPU.Build.0 = Release|Any CPU
	EndGlobalSection
	GlobalSection(SolutionProperties) = preSolution
		HideSolutionNode = FALSE
	EndGlobalSection
	GlobalSection(ExtensibilityGlobals) = postSolution
		SolutionGuid = {DFA8D100-6BEE-47E4-83A6-1EA2F965C9F4}
	EndGlobalSection
EndGlobal
